// !$*UTF8*$!
{
	archiveVersion = 1;
	classes = {
	};
	objectVersion = 50;
	objects = {

/* Begin PBXBuildFile section */
		FB131951241A23E500D064FB /* AppDelegate.swift in Sources */ = {isa = PBXBuildFile; fileRef = FB131950241A23E500D064FB /* AppDelegate.swift */; };
		FB131953241A23E500D064FB /* SceneDelegate.swift in Sources */ = {isa = PBXBuildFile; fileRef = FB131952241A23E500D064FB /* SceneDelegate.swift */; };
		FB131955241A23E500D064FB /* ContentView.swift in Sources */ = {isa = PBXBuildFile; fileRef = FB131954241A23E500D064FB /* ContentView.swift */; };
		FB131957241A23E600D064FB /* Assets.xcassets in Resources */ = {isa = PBXBuildFile; fileRef = FB131956241A23E600D064FB /* Assets.xcassets */; };
		FB13195A241A23E600D064FB /* Preview Assets.xcassets in Resources */ = {isa = PBXBuildFile; fileRef = FB131959241A23E600D064FB /* Preview Assets.xcassets */; };
		FB13195D241A23E600D064FB /* LaunchScreen.storyboard in Resources */ = {isa = PBXBuildFile; fileRef = FB13195B241A23E600D064FB /* LaunchScreen.storyboard */; };
		FB131967241A4CAC00D064FB /* Game.swift in Sources */ = {isa = PBXBuildFile; fileRef = FB131966241A4CAC00D064FB /* Game.swift */; };
		FBF0A1B7241A628900AF670B /* Action.swift in Sources */ = {isa = PBXBuildFile; fileRef = FBF0A1B6241A628900AF670B /* Action.swift */; };
		FBF0A1B9241A653C00AF670B /* Pair.swift in Sources */ = {isa = PBXBuildFile; fileRef = FBF0A1B8241A653C00AF670B /* Pair.swift */; };
		FBF0A1BB241A687800AF670B /* NIM.swift in Sources */ = {isa = PBXBuildFile; fileRef = FBF0A1BA241A687800AF670B /* NIM.swift */; };
		FBF0A1BE241A68AA00AF670B /* NIMAction.swift in Sources */ = {isa = PBXBuildFile; fileRef = FBF0A1BD241A68AA00AF670B /* NIMAction.swift */; };
		FBF0A1C0241A6E5B00AF670B /* Agent.swift in Sources */ = {isa = PBXBuildFile; fileRef = FBF0A1BF241A6E5B00AF670B /* Agent.swift */; };
		FBF0A1C2241A9DB800AF670B /* Ledge.swift in Sources */ = {isa = PBXBuildFile; fileRef = FBF0A1C1241A9DB800AF670B /* Ledge.swift */; };
		FBF0A1C4241A9DC200AF670B /* LedgeAction.swift in Sources */ = {isa = PBXBuildFile; fileRef = FBF0A1C3241A9DC200AF670B /* LedgeAction.swift */; };
/* End PBXBuildFile section */

/* Begin PBXFileReference section */
		FB13194D241A23E500D064FB /* MCTS.app */ = {isa = PBXFileReference; explicitFileType = wrapper.application; includeInIndex = 0; path = MCTS.app; sourceTree = BUILT_PRODUCTS_DIR; };
		FB131950241A23E500D064FB /* AppDelegate.swift */ = {isa = PBXFileReference; lastKnownFileType = sourcecode.swift; path = AppDelegate.swift; sourceTree = "<group>"; };
		FB131952241A23E500D064FB /* SceneDelegate.swift */ = {isa = PBXFileReference; lastKnownFileType = sourcecode.swift; path = SceneDelegate.swift; sourceTree = "<group>"; };
		FB131954241A23E500D064FB /* ContentView.swift */ = {isa = PBXFileReference; lastKnownFileType = sourcecode.swift; path = ContentView.swift; sourceTree = "<group>"; };
		FB131956241A23E600D064FB /* Assets.xcassets */ = {isa = PBXFileReference; lastKnownFileType = folder.assetcatalog; path = Assets.xcassets; sourceTree = "<group>"; };
		FB131959241A23E600D064FB /* Preview Assets.xcassets */ = {isa = PBXFileReference; lastKnownFileType = folder.assetcatalog; path = "Preview Assets.xcassets"; sourceTree = "<group>"; };
		FB13195C241A23E600D064FB /* Base */ = {isa = PBXFileReference; lastKnownFileType = file.storyboard; name = Base; path = Base.lproj/LaunchScreen.storyboard; sourceTree = "<group>"; };
		FB13195E241A23E600D064FB /* Info.plist */ = {isa = PBXFileReference; lastKnownFileType = text.plist.xml; path = Info.plist; sourceTree = "<group>"; };
		FB131966241A4CAC00D064FB /* Game.swift */ = {isa = PBXFileReference; lastKnownFileType = sourcecode.swift; path = Game.swift; sourceTree = "<group>"; };
		FBF0A1B6241A628900AF670B /* Action.swift */ = {isa = PBXFileReference; lastKnownFileType = sourcecode.swift; path = Action.swift; sourceTree = "<group>"; };
		FBF0A1B8241A653C00AF670B /* Pair.swift */ = {isa = PBXFileReference; lastKnownFileType = sourcecode.swift; path = Pair.swift; sourceTree = "<group>"; };
		FBF0A1BA241A687800AF670B /* NIM.swift */ = {isa = PBXFileReference; lastKnownFileType = sourcecode.swift; path = NIM.swift; sourceTree = "<group>"; };
		FBF0A1BD241A68AA00AF670B /* NIMAction.swift */ = {isa = PBXFileReference; lastKnownFileType = sourcecode.swift; path = NIMAction.swift; sourceTree = "<group>"; };
		FBF0A1BF241A6E5B00AF670B /* Agent.swift */ = {isa = PBXFileReference; lastKnownFileType = sourcecode.swift; path = Agent.swift; sourceTree = "<group>"; };
		FBF0A1C1241A9DB800AF670B /* Ledge.swift */ = {isa = PBXFileReference; lastKnownFileType = sourcecode.swift; path = Ledge.swift; sourceTree = "<group>"; };
		FBF0A1C3241A9DC200AF670B /* LedgeAction.swift */ = {isa = PBXFileReference; lastKnownFileType = sourcecode.swift; path = LedgeAction.swift; sourceTree = "<group>"; };
/* End PBXFileReference section */

/* Begin PBXFrameworksBuildPhase section */
		FB13194A241A23E500D064FB /* Frameworks */ = {
			isa = PBXFrameworksBuildPhase;
			buildActionMask = 2147483647;
			files = (
			);
			runOnlyForDeploymentPostprocessing = 0;
		};
/* End PBXFrameworksBuildPhase section */

/* Begin PBXGroup section */
		FB131944241A23E500D064FB = {
			isa = PBXGroup;
			children = (
				FB13194F241A23E500D064FB /* MCTS */,
				FB13194E241A23E500D064FB /* Products */,
			);
			sourceTree = "<group>";
		};
		FB13194E241A23E500D064FB /* Products */ = {
			isa = PBXGroup;
			children = (
				FB13194D241A23E500D064FB /* MCTS.app */,
			);
			name = Products;
			sourceTree = "<group>";
		};
		FB13194F241A23E500D064FB /* MCTS */ = {
			isa = PBXGroup;
			children = (
				FB131965241A4C9300D064FB /* Games */,
				FBF0A1B8241A653C00AF670B /* Pair.swift */,
				FB131950241A23E500D064FB /* AppDelegate.swift */,
				FB131952241A23E500D064FB /* SceneDelegate.swift */,
				FB131954241A23E500D064FB /* ContentView.swift */,
				FB131956241A23E600D064FB /* Assets.xcassets */,
				FB13195B241A23E600D064FB /* LaunchScreen.storyboard */,
				FB13195E241A23E600D064FB /* Info.plist */,
				FB131958241A23E600D064FB /* Preview Content */,
				FBF0A1BF241A6E5B00AF670B /* Agent.swift */,
			);
			path = MCTS;
			sourceTree = "<group>";
		};
		FB131958241A23E600D064FB /* Preview Content */ = {
			isa = PBXGroup;
			children = (
				FB131959241A23E600D064FB /* Preview Assets.xcassets */,
			);
			path = "Preview Content";
			sourceTree = "<group>";
		};
		FB131965241A4C9300D064FB /* Games */ = {
			isa = PBXGroup;
			children = (
				FBF0A1BC241A689500AF670B /* Actions */,
				FB131966241A4CAC00D064FB /* Game.swift */,
				FBF0A1BA241A687800AF670B /* NIM.swift */,
				FBF0A1C1241A9DB800AF670B /* Ledge.swift */,
			);
			path = Games;
			sourceTree = "<group>";
		};
		FBF0A1BC241A689500AF670B /* Actions */ = {
			isa = PBXGroup;
			children = (
				FBF0A1B6241A628900AF670B /* Action.swift */,
				FBF0A1BD241A68AA00AF670B /* NIMAction.swift */,
				FBF0A1C3241A9DC200AF670B /* LedgeAction.swift */,
			);
			path = Actions;
			sourceTree = "<group>";
		};
/* End PBXGroup section */

/* Begin PBXNativeTarget section */
		FB13194C241A23E500D064FB /* MCTS */ = {
			isa = PBXNativeTarget;
			buildConfigurationList = FB131961241A23E600D064FB /* Build configuration list for PBXNativeTarget "MCTS" */;
			buildPhases = (
				FB131949241A23E500D064FB /* Sources */,
				FB13194A241A23E500D064FB /* Frameworks */,
				FB13194B241A23E500D064FB /* Resources */,
			);
			buildRules = (
			);
			dependencies = (
			);
			name = MCTS;
			productName = MCTS;
			productReference = FB13194D241A23E500D064FB /* MCTS.app */;
			productType = "com.apple.product-type.application";
		};
/* End PBXNativeTarget section */

/* Begin PBXProject section */
		FB131945241A23E500D064FB /* Project object */ = {
			isa = PBXProject;
			attributes = {
				LastSwiftUpdateCheck = 1130;
				LastUpgradeCheck = 1130;
				ORGANIZATIONNAME = "Truls Stenrud";
				TargetAttributes = {
					FB13194C241A23E500D064FB = {
						CreatedOnToolsVersion = 11.3.1;
					};
				};
			};
			buildConfigurationList = FB131948241A23E500D064FB /* Build configuration list for PBXProject "MCTS" */;
			compatibilityVersion = "Xcode 9.3";
			developmentRegion = en;
			hasScannedForEncodings = 0;
			knownRegions = (
				en,
				Base,
			);
			mainGroup = FB131944241A23E500D064FB;
			productRefGroup = FB13194E241A23E500D064FB /* Products */;
			projectDirPath = "";
			projectRoot = "";
			targets = (
				FB13194C241A23E500D064FB /* MCTS */,
			);
		};
/* End PBXProject section */

/* Begin PBXResourcesBuildPhase section */
		FB13194B241A23E500D064FB /* Resources */ = {
			isa = PBXResourcesBuildPhase;
			buildActionMask = 2147483647;
			files = (
				FB13195D241A23E600D064FB /* LaunchScreen.storyboard in Resources */,
				FB13195A241A23E600D064FB /* Preview Assets.xcassets in Resources */,
				FB131957241A23E600D064FB /* Assets.xcassets in Resources */,
			);
			runOnlyForDeploymentPostprocessing = 0;
		};
/* End PBXResourcesBuildPhase section */

/* Begin PBXSourcesBuildPhase section */
		FB131949241A23E500D064FB /* Sources */ = {
			isa = PBXSourcesBuildPhase;
			buildActionMask = 2147483647;
			files = (
				FB131951241A23E500D064FB /* AppDelegate.swift in Sources */,
				FB131967241A4CAC00D064FB /* Game.swift in Sources */,
				FBF0A1BB241A687800AF670B /* NIM.swift in Sources */,
				FBF0A1C0241A6E5B00AF670B /* Agent.swift in Sources */,
				FB131953241A23E500D064FB /* SceneDelegate.swift in Sources */,
				FBF0A1C2241A9DB800AF670B /* Ledge.swift in Sources */,
				FBF0A1BE241A68AA00AF670B /* NIMAction.swift in Sources */,
				FBF0A1B7241A628900AF670B /* Action.swift in Sources */,
				FB131955241A23E500D064FB /* ContentView.swift in Sources */,
				FBF0A1C4241A9DC200AF670B /* LedgeAction.swift in Sources */,
				FBF0A1B9241A653C00AF670B /* Pair.swift in Sources */,
			);
			runOnlyForDeploymentPostprocessing = 0;
		};
/* End PBXSourcesBuildPhase section */

/* Begin PBXVariantGroup section */
		FB13195B241A23E600D064FB /* LaunchScreen.storyboard */ = {
			isa = PBXVariantGroup;
			children = (
				FB13195C241A23E600D064FB /* Base */,
			);
			name = LaunchScreen.storyboard;
			sourceTree = "<group>";
		};
/* End PBXVariantGroup section */

/* Begin XCBuildConfiguration section */
		FB13195F241A23E600D064FB /* Debug */ = {
			isa = XCBuildConfiguration;
			buildSettings = {
				ALWAYS_SEARCH_USER_PATHS = NO;
				CLANG_ANALYZER_NONNULL = YES;
				CLANG_ANALYZER_NUMBER_OBJECT_CONVERSION = YES_AGGRESSIVE;
				CLANG_CXX_LANGUAGE_STANDARD = "gnu++14";
				CLANG_CXX_LIBRARY = "libc++";
				CLANG_ENABLE_MODULES = YES;
				CLANG_ENABLE_OBJC_ARC = YES;
				CLANG_ENABLE_OBJC_WEAK = YES;
				CLANG_WARN_BLOCK_CAPTURE_AUTORELEASING = YES;
				CLANG_WARN_BOOL_CONVERSION = YES;
				CLANG_WARN_COMMA = YES;
				CLANG_WARN_CONSTANT_CONVERSION = YES;
				CLANG_WARN_DEPRECATED_OBJC_IMPLEMENTATIONS = YES;
				CLANG_WARN_DIRECT_OBJC_ISA_USAGE = YES_ERROR;
				CLANG_WARN_DOCUMENTATION_COMMENTS = YES;
				CLANG_WARN_EMPTY_BODY = YES;
				CLANG_WARN_ENUM_CONVERSION = YES;
				CLANG_WARN_INFINITE_RECURSION = YES;
				CLANG_WARN_INT_CONVERSION = YES;
				CLANG_WARN_NON_LITERAL_NULL_CONVERSION = YES;
				CLANG_WARN_OBJC_IMPLICIT_RETAIN_SELF = YES;
				CLANG_WARN_OBJC_LITERAL_CONVERSION = YES;
				CLANG_WARN_OBJC_ROOT_CLASS = YES_ERROR;
				CLANG_WARN_RANGE_LOOP_ANALYSIS = YES;
				CLANG_WARN_STRICT_PROTOTYPES = YES;
				CLANG_WARN_SUSPICIOUS_MOVE = YES;
				CLANG_WARN_UNGUARDED_AVAILABILITY = YES_AGGRESSIVE;
				CLANG_WARN_UNREACHABLE_CODE = YES;
				CLANG_WARN__DUPLICATE_METHOD_MATCH = YES;
				COPY_PHASE_STRIP = NO;
				DEBUG_INFORMATION_FORMAT = dwarf;
				ENABLE_STRICT_OBJC_MSGSEND = YES;
				ENABLE_TESTABILITY = YES;
				GCC_C_LANGUAGE_STANDARD = gnu11;
				GCC_DYNAMIC_NO_PIC = NO;
				GCC_NO_COMMON_BLOCKS = YES;
				GCC_OPTIMIZATION_LEVEL = 0;
				GCC_PREPROCESSOR_DEFINITIONS = (
					"DEBUG=1",
					"$(inherited)",
				);
				GCC_WARN_64_TO_32_BIT_CONVERSION = YES;
				GCC_WARN_ABOUT_RETURN_TYPE = YES_ERROR;
				GCC_WARN_UNDECLARED_SELECTOR = YES;
				GCC_WARN_UNINITIALIZED_AUTOS = YES_AGGRESSIVE;
				GCC_WARN_UNUSED_FUNCTION = YES;
				GCC_WARN_UNUSED_VARIABLE = YES;
				IPHONEOS_DEPLOYMENT_TARGET = 13.2;
				MTL_ENABLE_DEBUG_INFO = INCLUDE_SOURCE;
				MTL_FAST_MATH = YES;
				ONLY_ACTIVE_ARCH = YES;
				SDKROOT = iphoneos;
				SWIFT_ACTIVE_COMPILATION_CONDITIONS = DEBUG;
				SWIFT_OPTIMIZATION_LEVEL = "-Onone";
			};
			name = Debug;
		};
		FB131960241A23E600D064FB /* Release */ = {
			isa = XCBuildConfiguration;
			buildSettings = {
				ALWAYS_SEARCH_USER_PATHS = NO;
				CLANG_ANALYZER_NONNULL = YES;
				CLANG_ANALYZER_NUMBER_OBJECT_CONVERSION = YES_AGGRESSIVE;
				CLANG_CXX_LANGUAGE_STANDARD = "gnu++14";
				CLANG_CXX_LIBRARY = "libc++";
				CLANG_ENABLE_MODULES = YES;
				CLANG_ENABLE_OBJC_ARC = YES;
				CLANG_ENABLE_OBJC_WEAK = YES;
				CLANG_WARN_BLOCK_CAPTURE_AUTORELEASING = YES;
				CLANG_WARN_BOOL_CONVERSION = YES;
				CLANG_WARN_COMMA = YES;
				CLANG_WARN_CONSTANT_CONVERSION = YES;
				CLANG_WARN_DEPRECATED_OBJC_IMPLEMENTATIONS = YES;
				CLANG_WARN_DIRECT_OBJC_ISA_USAGE = YES_ERROR;
				CLANG_WARN_DOCUMENTATION_COMMENTS = YES;
				CLANG_WARN_EMPTY_BODY = YES;
				CLANG_WARN_ENUM_CONVERSION = YES;
				CLANG_WARN_INFINITE_RECURSION = YES;
				CLANG_WARN_INT_CONVERSION = YES;
				CLANG_WARN_NON_LITERAL_NULL_CONVERSION = YES;
				CLANG_WARN_OBJC_IMPLICIT_RETAIN_SELF = YES;
				CLANG_WARN_OBJC_LITERAL_CONVERSION = YES;
				CLANG_WARN_OBJC_ROOT_CLASS = YES_ERROR;
				CLANG_WARN_RANGE_LOOP_ANALYSIS = YES;
				CLANG_WARN_STRICT_PROTOTYPES = YES;
				CLANG_WARN_SUSPICIOUS_MOVE = YES;
				CLANG_WARN_UNGUARDED_AVAILABILITY = YES_AGGRESSIVE;
				CLANG_WARN_UNREACHABLE_CODE = YES;
				CLANG_WARN__DUPLICATE_METHOD_MATCH = YES;
				COPY_PHASE_STRIP = NO;
				DEBUG_INFORMATION_FORMAT = "dwarf-with-dsym";
				ENABLE_NS_ASSERTIONS = NO;
				ENABLE_STRICT_OBJC_MSGSEND = YES;
				GCC_C_LANGUAGE_STANDARD = gnu11;
				GCC_NO_COMMON_BLOCKS = YES;
				GCC_WARN_64_TO_32_BIT_CONVERSION = YES;
				GCC_WARN_ABOUT_RETURN_TYPE = YES_ERROR;
				GCC_WARN_UNDECLARED_SELECTOR = YES;
				GCC_WARN_UNINITIALIZED_AUTOS = YES_AGGRESSIVE;
				GCC_WARN_UNUSED_FUNCTION = YES;
				GCC_WARN_UNUSED_VARIABLE = YES;
				IPHONEOS_DEPLOYMENT_TARGET = 13.2;
				MTL_ENABLE_DEBUG_INFO = NO;
				MTL_FAST_MATH = YES;
				SDKROOT = iphoneos;
				SWIFT_COMPILATION_MODE = wholemodule;
				SWIFT_OPTIMIZATION_LEVEL = "-O";
				VALIDATE_PRODUCT = YES;
			};
			name = Release;
		};
		FB131962241A23E600D064FB /* Debug */ = {
			isa = XCBuildConfiguration;
			buildSettings = {
				ASSETCATALOG_COMPILER_APPICON_NAME = AppIcon;
				CODE_SIGN_STYLE = Automatic;
				DEVELOPMENT_ASSET_PATHS = "\"MCTS/Preview Content\"";
				DEVELOPMENT_TEAM = 5X35PQK5MN;
				ENABLE_PREVIEWS = YES;
				INFOPLIST_FILE = MCTS/Info.plist;
				LD_RUNPATH_SEARCH_PATHS = (
					"$(inherited)",
					"@executable_path/Frameworks",
				);
				PRODUCT_BUNDLE_IDENTIFIER = Stenrud.MCTS;
				PRODUCT_NAME = "$(TARGET_NAME)";
				SWIFT_VERSION = 5.0;
				TARGETED_DEVICE_FAMILY = "1,2";
			};
			name = Debug;
		};
		FB131963241A23E600D064FB /* Release */ = {
			isa = XCBuildConfiguration;
			buildSettings = {
				ASSETCATALOG_COMPILER_APPICON_NAME = AppIcon;
				CODE_SIGN_STYLE = Automatic;
				DEVELOPMENT_ASSET_PATHS = "\"MCTS/Preview Content\"";
				DEVELOPMENT_TEAM = 5X35PQK5MN;
				ENABLE_PREVIEWS = YES;
				INFOPLIST_FILE = MCTS/Info.plist;
				LD_RUNPATH_SEARCH_PATHS = (
					"$(inherited)",
					"@executable_path/Frameworks",
				);
				PRODUCT_BUNDLE_IDENTIFIER = Stenrud.MCTS;
				PRODUCT_NAME = "$(TARGET_NAME)";
				SWIFT_VERSION = 5.0;
				TARGETED_DEVICE_FAMILY = "1,2";
			};
			name = Release;
		};
/* End XCBuildConfiguration section */

/* Begin XCConfigurationList section */
		FB131948241A23E500D064FB /* Build configuration list for PBXProject "MCTS" */ = {
			isa = XCConfigurationList;
			buildConfigurations = (
				FB13195F241A23E600D064FB /* Debug */,
				FB131960241A23E600D064FB /* Release */,
			);
			defaultConfigurationIsVisible = 0;
			defaultConfigurationName = Release;
		};
		FB131961241A23E600D064FB /* Build configuration list for PBXNativeTarget "MCTS" */ = {
			isa = XCConfigurationList;
			buildConfigurations = (
				FB131962241A23E600D064FB /* Debug */,
				FB131963241A23E600D064FB /* Release */,
			);
			defaultConfigurationIsVisible = 0;
			defaultConfigurationName = Release;
		};
/* End XCConfigurationList section */
	};
	rootObject = FB131945241A23E500D064FB /* Project object */;
}
